
Microsoft Visual Studio Solution File, Format Version 12.00
# Visual Studio Version 17
VisualStudioVersion = 17.10.35122.118
MinimumVisualStudioVersion = 10.0.40219.1
Project("{2150E333-8FDC-42A3-9474-1A3956D46DE8}") = "Server", "Server", "{DA49AE05-BBE4-45DA-8D46-33C6C3D2782D}"
EndProject
Project("{2150E333-8FDC-42A3-9474-1A3956D46DE8}") = "Client", "Client", "{A57CBEBB-E7A4-4A97-8640-34B03C76F924}"
EndProject
Project("{9A19103F-16F7-4668-BE54-9A1E7A4F7556}") = "Game", "GameUI\Game.csproj", "{16C8882C-9655-47EB-A054-56F24D7355A2}"
EndProject
Project("{9A19103F-16F7-4668-BE54-9A1E7A4F7556}") = "GameEngine", "GameEngine\GameEngine.csproj", "{DB79C2AB-F6A5-4CCC-833B-C38E13AA63DB}"
EndProject
Global
	GlobalSection(SolutionConfigurationPlatforms) = preSolution
		Debug|Any CPU = Debug|Any CPU
		Release|Any CPU = Release|Any CPU
	EndGlobalSection
	GlobalSection(ProjectConfigurationPlatforms) = postSolution
		{16C8882C-9655-47EB-A054-56F24D7355A2}.Debug|Any CPU.ActiveCfg = Debug|Any CPU
		{16C8882C-9655-47EB-A054-56F24D7355A2}.Debug|Any CPU.Build.0 = Debug|Any CPU
		{16C8882C-9655-47EB-A054-56F24D7355A2}.Release|Any CPU.ActiveCfg = Release|Any CPU
		{16C8882C-9655-47EB-A054-56F24D7355A2}.Release|Any CPU.Build.0 = Release|Any CPU
		{DB79C2AB-F6A5-4CCC-833B-C38E13AA63DB}.Debug|Any CPU.ActiveCfg = Debug|Any CPU
		{DB79C2AB-F6A5-4CCC-833B-C38E13AA63DB}.Debug|Any CPU.Build.0 = Debug|Any CPU
		{DB79C2AB-F6A5-4CCC-833B-C38E13AA63DB}.Release|Any CPU.ActiveCfg = Release|Any CPU
		{DB79C2AB-F6A5-4CCC-833B-C38E13AA63DB}.Release|Any CPU.Build.0 = Release|Any CPU
	EndGlobalSection
	GlobalSection(SolutionProperties) = preSolution
		HideSolutionNode = FALSE
	EndGlobalSection
	GlobalSection(NestedProjects) = preSolution
		{16C8882C-9655-47EB-A054-56F24D7355A2} = {A57CBEBB-E7A4-4A97-8640-34B03C76F924}
		{DB79C2AB-F6A5-4CCC-833B-C38E13AA63DB} = {DA49AE05-BBE4-45DA-8D46-33C6C3D2782D}
	EndGlobalSection
	GlobalSection(ExtensibilityGlobals) = postSolution
		SolutionGuid = {9554B754-34EF-4A2E-A7FD-0FB51C7AF925}
	EndGlobalSection
EndGlobal
